
Microsoft Visual Studio Solution File, Format Version 12.00
# Visual Studio Version 17
VisualStudioVersion = 17.14.36221.1 d17.14
MinimumVisualStudioVersion = 10.0.40219.1
Project("{FAE04EC0-301F-11D3-BF4B-00C04F79EFBC}") = "CheckActionAPI", "CheckActionAPI\CheckActionAPI.csproj", "{681FBA61-9655-4599-8061-9DB016C252DF}"
EndProject
Global
	GlobalSection(SolutionConfigurationPlatforms) = preSolution
		Debug|Any CPU = Debug|Any CPU
		Release|Any CPU = Release|Any CPU
	EndGlobalSection
	GlobalSection(ProjectConfigurationPlatforms) = postSolution
		{681FBA61-9655-4599-8061-9DB016C252DF}.Debug|Any CPU.ActiveCfg = Debug|Any CPU
		{681FBA61-9655-4599-8061-9DB016C252DF}.Debug|Any CPU.Build.0 = Debug|Any CPU
		{681FBA61-9655-4599-8061-9DB016C252DF}.Release|Any CPU.ActiveCfg = Release|Any CPU
		{681FBA61-9655-4599-8061-9DB016C252DF}.Release|Any CPU.Build.0 = Release|Any CPU
	EndGlobalSection
	GlobalSection(SolutionProperties) = preSolution
		HideSolutionNode = FALSE
	EndGlobalSection
	GlobalSection(ExtensibilityGlobals) = postSolution
		SolutionGuid = {5E1E56CF-44DB-400C-9B9C-2C289EB4254F}
	EndGlobalSection
EndGlobal
